
Microsoft Visual Studio Solution File, Format Version 12.00
# Visual Studio Version 17
VisualStudioVersion = 17.8.34511.84
MinimumVisualStudioVersion = 10.0.40219.1
Project("{9A19103F-16F7-4668-BE54-9A1E7A4F7556}") = "TequipWiseServer", "TequipWiseServer\TequipWiseServer.csproj", "{B487504D-90FA-43D1-A21A-8D80D6DA0851}"
EndProject
Project("{9A19103F-16F7-4668-BE54-9A1E7A4F7556}") = "User.Managmenet.Service", "User.Managmenet.Service\User.Managmenet.Service.csproj", "{BAC5D77F-EFBD-4D64-96BF-50FC61A47AC2}"
EndProject
Project("{FAE04EC0-301F-11D3-BF4B-00C04F79EFBC}") = "MyApp.Tests", "MyApp.Tests\MyApp.Tests.csproj", "{54049976-C6F5-467E-9D53-22064FC19C7D}"
EndProject
Global
	GlobalSection(SolutionConfigurationPlatforms) = preSolution
		Debug|Any CPU = Debug|Any CPU
		Release|Any CPU = Release|Any CPU
	EndGlobalSection
	GlobalSection(ProjectConfigurationPlatforms) = postSolution
		{B487504D-90FA-43D1-A21A-8D80D6DA0851}.Debug|Any CPU.ActiveCfg = Debug|Any CPU
		{B487504D-90FA-43D1-A21A-8D80D6DA0851}.Debug|Any CPU.Build.0 = Debug|Any CPU
		{B487504D-90FA-43D1-A21A-8D80D6DA0851}.Release|Any CPU.ActiveCfg = Release|Any CPU
		{B487504D-90FA-43D1-A21A-8D80D6DA0851}.Release|Any CPU.Build.0 = Release|Any CPU
		{BAC5D77F-EFBD-4D64-96BF-50FC61A47AC2}.Debug|Any CPU.ActiveCfg = Debug|Any CPU
		{BAC5D77F-EFBD-4D64-96BF-50FC61A47AC2}.Debug|Any CPU.Build.0 = Debug|Any CPU
		{BAC5D77F-EFBD-4D64-96BF-50FC61A47AC2}.Release|Any CPU.ActiveCfg = Release|Any CPU
		{BAC5D77F-EFBD-4D64-96BF-50FC61A47AC2}.Release|Any CPU.Build.0 = Release|Any CPU
		{54049976-C6F5-467E-9D53-22064FC19C7D}.Debug|Any CPU.ActiveCfg = Debug|Any CPU
		{54049976-C6F5-467E-9D53-22064FC19C7D}.Debug|Any CPU.Build.0 = Debug|Any CPU
		{54049976-C6F5-467E-9D53-22064FC19C7D}.Release|Any CPU.ActiveCfg = Release|Any CPU
		{54049976-C6F5-467E-9D53-22064FC19C7D}.Release|Any CPU.Build.0 = Release|Any CPU
	EndGlobalSection
	GlobalSection(SolutionProperties) = preSolution
		HideSolutionNode = FALSE
	EndGlobalSection
	GlobalSection(ExtensibilityGlobals) = postSolution
		SolutionGuid = {95497CD2-291B-4F8B-9473-BCADB3702FE2}
	EndGlobalSection
EndGlobal
