
Microsoft Visual Studio Solution File, Format Version 12.00
# Visual Studio Version 17
VisualStudioVersion = 17.8.34511.84
MinimumVisualStudioVersion = 10.0.40219.1
Project("{9A19103F-16F7-4668-BE54-9A1E7A4F7556}") = "TequipWiseServer", "TequipWiseServer.csproj", "{E634C67B-D0C9-4C22-A31E-46ACB9048A2F}"
EndProject
Project("{9A19103F-16F7-4668-BE54-9A1E7A4F7556}") = "MyApp.Tests", "..\MyApp.Tests\MyApp.Tests.csproj", "{B0F8D605-F9FB-41AA-BCAD-E9C25D9921E9}"
EndProject
Project("{9A19103F-16F7-4668-BE54-9A1E7A4F7556}") = "User.Managmenet.Service", "..\User.Managmenet.Service\User.Managmenet.Service.csproj", "{AD462F58-18C3-41B1-A913-9BE04AE8E19E}"
EndProject
Global
	GlobalSection(SolutionConfigurationPlatforms) = preSolution
		Debug|Any CPU = Debug|Any CPU
		Release|Any CPU = Release|Any CPU
	EndGlobalSection
	GlobalSection(ProjectConfigurationPlatforms) = postSolution
		{E634C67B-D0C9-4C22-A31E-46ACB9048A2F}.Debug|Any CPU.ActiveCfg = Debug|Any CPU
		{E634C67B-D0C9-4C22-A31E-46ACB9048A2F}.Debug|Any CPU.Build.0 = Debug|Any CPU
		{E634C67B-D0C9-4C22-A31E-46ACB9048A2F}.Release|Any CPU.ActiveCfg = Release|Any CPU
		{E634C67B-D0C9-4C22-A31E-46ACB9048A2F}.Release|Any CPU.Build.0 = Release|Any CPU
		{B0F8D605-F9FB-41AA-BCAD-E9C25D9921E9}.Debug|Any CPU.ActiveCfg = Debug|Any CPU
		{B0F8D605-F9FB-41AA-BCAD-E9C25D9921E9}.Debug|Any CPU.Build.0 = Debug|Any CPU
		{B0F8D605-F9FB-41AA-BCAD-E9C25D9921E9}.Release|Any CPU.ActiveCfg = Release|Any CPU
		{B0F8D605-F9FB-41AA-BCAD-E9C25D9921E9}.Release|Any CPU.Build.0 = Release|Any CPU
		{AD462F58-18C3-41B1-A913-9BE04AE8E19E}.Debug|Any CPU.ActiveCfg = Debug|Any CPU
		{AD462F58-18C3-41B1-A913-9BE04AE8E19E}.Debug|Any CPU.Build.0 = Debug|Any CPU
		{AD462F58-18C3-41B1-A913-9BE04AE8E19E}.Release|Any CPU.ActiveCfg = Release|Any CPU
		{AD462F58-18C3-41B1-A913-9BE04AE8E19E}.Release|Any CPU.Build.0 = Release|Any CPU
	EndGlobalSection
	GlobalSection(SolutionProperties) = preSolution
		HideSolutionNode = FALSE
	EndGlobalSection
	GlobalSection(ExtensibilityGlobals) = postSolution
		SolutionGuid = {6875B4EF-6E6D-4489-830D-5B32257F0CC7}
	EndGlobalSection
EndGlobal
